
Microsoft Visual Studio Solution File, Format Version 12.00
# Visual Studio Version 18
VisualStudioVersion = 18.0.11222.15 d18.0
MinimumVisualStudioVersion = 10.0.40219.1
Project("{8BC9CEB8-8B4A-11D0-8D11-00A0C91BC942}") = "SingleThreaded", "SingleThreaded\SingleThreaded.vcxproj", "{78B5A589-8F56-47A1-B351-F65B369A6A35}"
EndProject
Project("{8BC9CEB8-8B4A-11D0-8D11-00A0C91BC942}") = "PrimalityLib", "PrimalityLib\PrimalityLib.vcxproj", "{EEB09260-B346-4F13-BE17-58AD5ACEF3C4}"
EndProject
Project("{8BC9CEB8-8B4A-11D0-8D11-00A0C91BC942}") = "GoogleTests", "GoogleTests\GoogleTests.vcxproj", "{7A6A8C7A-AE43-4686-AED7-94A779DAF9EB}"
EndProject
Global
	GlobalSection(SolutionConfigurationPlatforms) = preSolution
		Debug|x64 = Debug|x64
		Debug|x86 = Debug|x86
		Release|x64 = Release|x64
		Release|x86 = Release|x86
	EndGlobalSection
	GlobalSection(ProjectConfigurationPlatforms) = postSolution
		{78B5A589-8F56-47A1-B351-F65B369A6A35}.Debug|x64.ActiveCfg = Debug|x64
		{78B5A589-8F56-47A1-B351-F65B369A6A35}.Debug|x64.Build.0 = Debug|x64
		{78B5A589-8F56-47A1-B351-F65B369A6A35}.Debug|x86.ActiveCfg = Debug|Win32
		{78B5A589-8F56-47A1-B351-F65B369A6A35}.Debug|x86.Build.0 = Debug|Win32
		{78B5A589-8F56-47A1-B351-F65B369A6A35}.Release|x64.ActiveCfg = Release|x64
		{78B5A589-8F56-47A1-B351-F65B369A6A35}.Release|x64.Build.0 = Release|x64
		{78B5A589-8F56-47A1-B351-F65B369A6A35}.Release|x86.ActiveCfg = Release|Win32
		{78B5A589-8F56-47A1-B351-F65B369A6A35}.Release|x86.Build.0 = Release|Win32
		{EEB09260-B346-4F13-BE17-58AD5ACEF3C4}.Debug|x64.ActiveCfg = Debug|x64
		{EEB09260-B346-4F13-BE17-58AD5ACEF3C4}.Debug|x64.Build.0 = Debug|x64
		{EEB09260-B346-4F13-BE17-58AD5ACEF3C4}.Debug|x86.ActiveCfg = Debug|Win32
		{EEB09260-B346-4F13-BE17-58AD5ACEF3C4}.Debug|x86.Build.0 = Debug|Win32
		{EEB09260-B346-4F13-BE17-58AD5ACEF3C4}.Release|x64.ActiveCfg = Release|x64
		{EEB09260-B346-4F13-BE17-58AD5ACEF3C4}.Release|x64.Build.0 = Release|x64
		{EEB09260-B346-4F13-BE17-58AD5ACEF3C4}.Release|x86.ActiveCfg = Release|Win32
		{EEB09260-B346-4F13-BE17-58AD5ACEF3C4}.Release|x86.Build.0 = Release|Win32
		{7A6A8C7A-AE43-4686-AED7-94A779DAF9EB}.Debug|x64.ActiveCfg = Debug|x64
		{7A6A8C7A-AE43-4686-AED7-94A779DAF9EB}.Debug|x64.Build.0 = Debug|x64
		{7A6A8C7A-AE43-4686-AED7-94A779DAF9EB}.Debug|x86.ActiveCfg = Debug|Win32
		{7A6A8C7A-AE43-4686-AED7-94A779DAF9EB}.Debug|x86.Build.0 = Debug|Win32
		{7A6A8C7A-AE43-4686-AED7-94A779DAF9EB}.Release|x64.ActiveCfg = Release|x64
		{7A6A8C7A-AE43-4686-AED7-94A779DAF9EB}.Release|x64.Build.0 = Release|x64
		{7A6A8C7A-AE43-4686-AED7-94A779DAF9EB}.Release|x86.ActiveCfg = Release|Win32
		{7A6A8C7A-AE43-4686-AED7-94A779DAF9EB}.Release|x86.Build.0 = Release|Win32
	EndGlobalSection
	GlobalSection(SolutionProperties) = preSolution
		HideSolutionNode = FALSE
	EndGlobalSection
	GlobalSection(ExtensibilityGlobals) = postSolution
		SolutionGuid = {B43AB38F-B2F3-42E8-8F28-B688B0245207}
	EndGlobalSection
EndGlobal
